
Microsoft Visual Studio Solution File, Format Version 12.00
# Visual Studio Version 16
VisualStudioVersion = 16.0.30011.22
MinimumVisualStudioVersion = 10.0.40219.1
Project("{FAE04EC0-301F-11D3-BF4B-00C04F79EFBC}") = "ProgressQuest", "ProgressQuest.csproj", "{2FE9CF2C-D901-4AA9-BD49-7A162AB9F74B}"
EndProject
Global
	GlobalSection(SolutionConfigurationPlatforms) = preSolution
		Debug|Any CPU = Debug|Any CPU
		Release|Any CPU = Release|Any CPU
	EndGlobalSection
	GlobalSection(ProjectConfigurationPlatforms) = postSolution
		{2FE9CF2C-D901-4AA9-BD49-7A162AB9F74B}.Debug|Any CPU.ActiveCfg = Debug|Any CPU
		{2FE9CF2C-D901-4AA9-BD49-7A162AB9F74B}.Debug|Any CPU.Build.0 = Debug|Any CPU
		{2FE9CF2C-D901-4AA9-BD49-7A162AB9F74B}.Release|Any CPU.ActiveCfg = Release|Any CPU
		{2FE9CF2C-D901-4AA9-BD49-7A162AB9F74B}.Release|Any CPU.Build.0 = Release|Any CPU
	EndGlobalSection
	GlobalSection(SolutionProperties) = preSolution
		HideSolutionNode = FALSE
	EndGlobalSection
	GlobalSection(ExtensibilityGlobals) = postSolution
		SolutionGuid = {78C10B7C-E798-426E-97D5-798359316713}
	EndGlobalSection
EndGlobal
